// !$*UTF8*$!
{
	archiveVersion = 1;
	classes = {
	};
	objectVersion = 46;
	objects = {

/* Begin PBXBuildFile section */
		B544E6FD1A1BB3DD0078B8E5 /* main.m in Sources */ = {isa = PBXBuildFile; fileRef = B544E6FC1A1BB3DD0078B8E5 /* main.m */; };
		B544E7001A1BB3DD0078B8E5 /* AppDelegate.m in Sources */ = {isa = PBXBuildFile; fileRef = B544E6FF1A1BB3DD0078B8E5 /* AppDelegate.m */; };
		B544E7031A1BB3DD0078B8E5 /* ViewController.m in Sources */ = {isa = PBXBuildFile; fileRef = B544E7021A1BB3DD0078B8E5 /* ViewController.m */; };
		B544E7061A1BB3DD0078B8E5 /* Main.storyboard in Resources */ = {isa = PBXBuildFile; fileRef = B544E7041A1BB3DD0078B8E5 /* Main.storyboard */; };
		B544E7081A1BB3DD0078B8E5 /* Images.xcassets in Resources */ = {isa = PBXBuildFile; fileRef = B544E7071A1BB3DD0078B8E5 /* Images.xcassets */; };
		B544E70B1A1BB3DD0078B8E5 /* LaunchScreen.xib in Resources */ = {isa = PBXBuildFile; fileRef = B544E7091A1BB3DD0078B8E5 /* LaunchScreen.xib */; };
		B544E7171A1BB3DE0078B8E5 /* Test_AppTests.m in Sources */ = {isa = PBXBuildFile; fileRef = B544E7161A1BB3DE0078B8E5 /* Test_AppTests.m */; };
		B544E7261A1BB4280078B8E5 /* JVFloatLabeledTextField.m in Sources */ = {isa = PBXBuildFile; fileRef = B544E7211A1BB4280078B8E5 /* JVFloatLabeledTextField.m */; };
		B544E7271A1BB4280078B8E5 /* JVFloatLabeledTextView.m in Sources */ = {isa = PBXBuildFile; fileRef = B544E7231A1BB4280078B8E5 /* JVFloatLabeledTextView.m */; };
		B544E7281A1BB4280078B8E5 /* NSString+TextDirectionality.m in Sources */ = {isa = PBXBuildFile; fileRef = B544E7251A1BB4280078B8E5 /* NSString+TextDirectionality.m */; };
		B544E72B1A1BB4BA0078B8E5 /* Test.swift in Sources */ = {isa = PBXBuildFile; fileRef = B544E72A1A1BB4BA0078B8E5 /* Test.swift */; };
/* End PBXBuildFile section */

/* Begin PBXContainerItemProxy section */
		B544E7111A1BB3DE0078B8E5 /* PBXContainerItemProxy */ = {
			isa = PBXContainerItemProxy;
			containerPortal = B544E6EF1A1BB3DD0078B8E5 /* Project object */;
			proxyType = 1;
			remoteGlobalIDString = B544E6F61A1BB3DD0078B8E5;
			remoteInfo = "Test App";
		};
/* End PBXContainerItemProxy section */

/* Begin PBXFileReference section */
		B544E6F71A1BB3DD0078B8E5 /* Test App.app */ = {isa = PBXFileReference; explicitFileType = wrapper.application; includeInIndex = 0; path = "Test App.app"; sourceTree = BUILT_PRODUCTS_DIR; };
		B544E6FB1A1BB3DD0078B8E5 /* Info.plist */ = {isa = PBXFileReference; lastKnownFileType = text.plist.xml; path = Info.plist; sourceTree = "<group>"; };
		B544E6FC1A1BB3DD0078B8E5 /* main.m */ = {isa = PBXFileReference; lastKnownFileType = sourcecode.c.objc; path = main.m; sourceTree = "<group>"; };
		B544E6FE1A1BB3DD0078B8E5 /* AppDelegate.h */ = {isa = PBXFileReference; lastKnownFileType = sourcecode.c.h; path = AppDelegate.h; sourceTree = "<group>"; };
		B544E6FF1A1BB3DD0078B8E5 /* AppDelegate.m */ = {isa = PBXFileReference; lastKnownFileType = sourcecode.c.objc; path = AppDelegate.m; sourceTree = "<group>"; };
		B544E7011A1BB3DD0078B8E5 /* ViewController.h */ = {isa = PBXFileReference; lastKnownFileType = sourcecode.c.h; path = ViewController.h; sourceTree = "<group>"; };
		B544E7021A1BB3DD0078B8E5 /* ViewController.m */ = {isa = PBXFileReference; lastKnownFileType = sourcecode.c.objc; path = ViewController.m; sourceTree = "<group>"; };
		B544E7051A1BB3DD0078B8E5 /* Base */ = {isa = PBXFileReference; lastKnownFileType = file.storyboard; name = Base; path = Base.lproj/Main.storyboard; sourceTree = "<group>"; };
		B544E7071A1BB3DD0078B8E5 /* Images.xcassets */ = {isa = PBXFileReference; lastKnownFileType = folder.assetcatalog; path = Images.xcassets; sourceTree = "<group>"; };
		B544E70A1A1BB3DD0078B8E5 /* Base */ = {isa = PBXFileReference; lastKnownFileType = file.xib; name = Base; path = Base.lproj/LaunchScreen.xib; sourceTree = "<group>"; };
		B544E7101A1BB3DE0078B8E5 /* Test AppTests.xctest */ = {isa = PBXFileReference; explicitFileType = wrapper.cfbundle; includeInIndex = 0; path = "Test AppTests.xctest"; sourceTree = BUILT_PRODUCTS_DIR; };
		B544E7151A1BB3DE0078B8E5 /* Info.plist */ = {isa = PBXFileReference; lastKnownFileType = text.plist.xml; path = Info.plist; sourceTree = "<group>"; };
		B544E7161A1BB3DE0078B8E5 /* Test_AppTests.m */ = {isa = PBXFileReference; lastKnownFileType = sourcecode.c.objc; path = Test_AppTests.m; sourceTree = "<group>"; };
		B544E7201A1BB4280078B8E5 /* JVFloatLabeledTextField.h */ = {isa = PBXFileReference; fileEncoding = 4; lastKnownFileType = sourcecode.c.h; path = JVFloatLabeledTextField.h; sourceTree = "<group>"; };
		B544E7211A1BB4280078B8E5 /* JVFloatLabeledTextField.m */ = {isa = PBXFileReference; fileEncoding = 4; lastKnownFileType = sourcecode.c.objc; path = JVFloatLabeledTextField.m; sourceTree = "<group>"; };
		B544E7221A1BB4280078B8E5 /* JVFloatLabeledTextView.h */ = {isa = PBXFileReference; fileEncoding = 4; lastKnownFileType = sourcecode.c.h; path = JVFloatLabeledTextView.h; sourceTree = "<group>"; };
		B544E7231A1BB4280078B8E5 /* JVFloatLabeledTextView.m */ = {isa = PBXFileReference; fileEncoding = 4; lastKnownFileType = sourcecode.c.objc; path = JVFloatLabeledTextView.m; sourceTree = "<group>"; };
		B544E7241A1BB4280078B8E5 /* NSString+TextDirectionality.h */ = {isa = PBXFileReference; fileEncoding = 4; lastKnownFileType = sourcecode.c.h; path = "NSString+TextDirectionality.h"; sourceTree = "<group>"; };
		B544E7251A1BB4280078B8E5 /* NSString+TextDirectionality.m */ = {isa = PBXFileReference; fileEncoding = 4; lastKnownFileType = sourcecode.c.objc; path = "NSString+TextDirectionality.m"; sourceTree = "<group>"; };
		B544E7291A1BB4B90078B8E5 /* Test App-Bridging-Header.h */ = {isa = PBXFileReference; lastKnownFileType = sourcecode.c.h; path = "Test App-Bridging-Header.h"; sourceTree = "<group>"; };
		B544E72A1A1BB4BA0078B8E5 /* Test.swift */ = {isa = PBXFileReference; fileEncoding = 4; lastKnownFileType = sourcecode.swift; path = Test.swift; sourceTree = "<group>"; };
/* End PBXFileReference section */

/* Begin PBXFrameworksBuildPhase section */
		B544E6F41A1BB3DD0078B8E5 /* Frameworks */ = {
			isa = PBXFrameworksBuildPhase;
			buildActionMask = 2147483647;
			files = (
			);
			runOnlyForDeploymentPostprocessing = 0;
		};
		B544E70D1A1BB3DE0078B8E5 /* Frameworks */ = {
			isa = PBXFrameworksBuildPhase;
			buildActionMask = 2147483647;
			files = (
			);
			runOnlyForDeploymentPostprocessing = 0;
		};
/* End PBXFrameworksBuildPhase section */

/* Begin PBXGroup section */
		B544E6EE1A1BB3DD0078B8E5 = {
			isa = PBXGroup;
			children = (
				B544E6F91A1BB3DD0078B8E5 /* Test App */,
				B544E7131A1BB3DE0078B8E5 /* Test AppTests */,
				B544E6F81A1BB3DD0078B8E5 /* Products */,
			);
			sourceTree = "<group>";
		};
		B544E6F81A1BB3DD0078B8E5 /* Products */ = {
			isa = PBXGroup;
			children = (
				B544E6F71A1BB3DD0078B8E5 /* Test App.app */,
				B544E7101A1BB3DE0078B8E5 /* Test AppTests.xctest */,
			);
			name = Products;
			sourceTree = "<group>";
		};
		B544E6F91A1BB3DD0078B8E5 /* Test App */ = {
			isa = PBXGroup;
			children = (
				B544E6FE1A1BB3DD0078B8E5 /* AppDelegate.h */,
				B544E6FF1A1BB3DD0078B8E5 /* AppDelegate.m */,
				B544E7011A1BB3DD0078B8E5 /* ViewController.h */,
				B544E7021A1BB3DD0078B8E5 /* ViewController.m */,
				B544E7201A1BB4280078B8E5 /* JVFloatLabeledTextField.h */,
				B544E7211A1BB4280078B8E5 /* JVFloatLabeledTextField.m */,
				B544E7221A1BB4280078B8E5 /* JVFloatLabeledTextView.h */,
				B544E7231A1BB4280078B8E5 /* JVFloatLabeledTextView.m */,
				B544E7241A1BB4280078B8E5 /* NSString+TextDirectionality.h */,
				B544E7251A1BB4280078B8E5 /* NSString+TextDirectionality.m */,
				B544E7041A1BB3DD0078B8E5 /* Main.storyboard */,
				B544E7071A1BB3DD0078B8E5 /* Images.xcassets */,
				B544E7091A1BB3DD0078B8E5 /* LaunchScreen.xib */,
				B544E6FA1A1BB3DD0078B8E5 /* Supporting Files */,
				B544E72A1A1BB4BA0078B8E5 /* Test.swift */,
				B544E7291A1BB4B90078B8E5 /* Test App-Bridging-Header.h */,
			);
			path = "Test App";
			sourceTree = "<group>";
		};
		B544E6FA1A1BB3DD0078B8E5 /* Supporting Files */ = {
			isa = PBXGroup;
			children = (
				B544E6FB1A1BB3DD0078B8E5 /* Info.plist */,
				B544E6FC1A1BB3DD0078B8E5 /* main.m */,
			);
			name = "Supporting Files";
			sourceTree = "<group>";
		};
		B544E7131A1BB3DE0078B8E5 /* Test AppTests */ = {
			isa = PBXGroup;
			children = (
				B544E7161A1BB3DE0078B8E5 /* Test_AppTests.m */,
				B544E7141A1BB3DE0078B8E5 /* Supporting Files */,
			);
			path = "Test AppTests";
			sourceTree = "<group>";
		};
		B544E7141A1BB3DE0078B8E5 /* Supporting Files */ = {
			isa = PBXGroup;
			children = (
				B544E7151A1BB3DE0078B8E5 /* Info.plist */,
			);
			name = "Supporting Files";
			sourceTree = "<group>";
		};
/* End PBXGroup section */

/* Begin PBXNativeTarget section */
		B544E6F61A1BB3DD0078B8E5 /* Test App */ = {
			isa = PBXNativeTarget;
			buildConfigurationList = B544E71A1A1BB3DE0078B8E5 /* Build configuration list for PBXNativeTarget "Test App" */;
			buildPhases = (
				B544E6F31A1BB3DD0078B8E5 /* Sources */,
				B544E6F41A1BB3DD0078B8E5 /* Frameworks */,
				B544E6F51A1BB3DD0078B8E5 /* Resources */,
			);
			buildRules = (
			);
			dependencies = (
			);
			name = "Test App";
			productName = "Test App";
			productReference = B544E6F71A1BB3DD0078B8E5 /* Test App.app */;
			productType = "com.apple.product-type.application";
		};
		B544E70F1A1BB3DE0078B8E5 /* Test AppTests */ = {
			isa = PBXNativeTarget;
			buildConfigurationList = B544E71D1A1BB3DE0078B8E5 /* Build configuration list for PBXNativeTarget "Test AppTests" */;
			buildPhases = (
				B544E70C1A1BB3DE0078B8E5 /* Sources */,
				B544E70D1A1BB3DE0078B8E5 /* Frameworks */,
				B544E70E1A1BB3DE0078B8E5 /* Resources */,
			);
			buildRules = (
			);
			dependencies = (
				B544E7121A1BB3DE0078B8E5 /* PBXTargetDependency */,
			);
			name = "Test AppTests";
			productName = "Test AppTests";
			productReference = B544E7101A1BB3DE0078B8E5 /* Test AppTests.xctest */;
			productType = "com.apple.product-type.bundle.unit-test";
		};
/* End PBXNativeTarget section */

/* Begin PBXProject section */
		B544E6EF1A1BB3DD0078B8E5 /* Project object */ = {
			isa = PBXProject;
			attributes = {
				LastUpgradeCheck = 0610;
				ORGANIZATIONNAME = "Matt Yohe";
				TargetAttributes = {
					B544E6F61A1BB3DD0078B8E5 = {
						CreatedOnToolsVersion = 6.1;
					};
					B544E70F1A1BB3DE0078B8E5 = {
						CreatedOnToolsVersion = 6.1;
						TestTargetID = B544E6F61A1BB3DD0078B8E5;
					};
				};
			};
			buildConfigurationList = B544E6F21A1BB3DD0078B8E5 /* Build configuration list for PBXProject "Test App" */;
			compatibilityVersion = "Xcode 3.2";
			developmentRegion = English;
			hasScannedForEncodings = 0;
			knownRegions = (
				en,
				Base,
			);
			mainGroup = B544E6EE1A1BB3DD0078B8E5;
			productRefGroup = B544E6F81A1BB3DD0078B8E5 /* Products */;
			projectDirPath = "";
			projectRoot = "";
			targets = (
				B544E6F61A1BB3DD0078B8E5 /* Test App */,
				B544E70F1A1BB3DE0078B8E5 /* Test AppTests */,
			);
		};
/* End PBXProject section */

/* Begin PBXResourcesBuildPhase section */
		B544E6F51A1BB3DD0078B8E5 /* Resources */ = {
			isa = PBXResourcesBuildPhase;
			buildActionMask = 2147483647;
			files = (
				B544E7061A1BB3DD0078B8E5 /* Main.storyboard in Resources */,
				B544E70B1A1BB3DD0078B8E5 /* LaunchScreen.xib in Resources */,
				B544E7081A1BB3DD0078B8E5 /* Images.xcassets in Resources */,
			);
			runOnlyForDeploymentPostprocessing = 0;
		};
		B544E70E1A1BB3DE0078B8E5 /* Resources */ = {
			isa = PBXResourcesBuildPhase;
			buildActionMask = 2147483647;
			files = (
			);
			runOnlyForDeploymentPostprocessing = 0;
		};
/* End PBXResourcesBuildPhase section */

/* Begin PBXSourcesBuildPhase section */
		B544E6F31A1BB3DD0078B8E5 /* Sources */ = {
			isa = PBXSourcesBuildPhase;
			buildActionMask = 2147483647;
			files = (
				B544E7261A1BB4280078B8E5 /* JVFloatLabeledTextField.m in Sources */,
				B544E7031A1BB3DD0078B8E5 /* ViewController.m in Sources */,
				B544E7281A1BB4280078B8E5 /* NSString+TextDirectionality.m in Sources */,
				B544E72B1A1BB4BA0078B8E5 /* Test.swift in Sources */,
				B544E7001A1BB3DD0078B8E5 /* AppDelegate.m in Sources */,
				B544E6FD1A1BB3DD0078B8E5 /* main.m in Sources */,
				B544E7271A1BB4280078B8E5 /* JVFloatLabeledTextView.m in Sources */,
			);
			runOnlyForDeploymentPostprocessing = 0;
		};
		B544E70C1A1BB3DE0078B8E5 /* Sources */ = {
			isa = PBXSourcesBuildPhase;
			buildActionMask = 2147483647;
			files = (
				B544E7171A1BB3DE0078B8E5 /* Test_AppTests.m in Sources */,
			);
			runOnlyForDeploymentPostprocessing = 0;
		};
/* End PBXSourcesBuildPhase section */

/* Begin PBXTargetDependency section */
		B544E7121A1BB3DE0078B8E5 /* PBXTargetDependency */ = {
			isa = PBXTargetDependency;
			target = B544E6F61A1BB3DD0078B8E5 /* Test App */;
			targetProxy = B544E7111A1BB3DE0078B8E5 /* PBXContainerItemProxy */;
		};
/* End PBXTargetDependency section */

/* Begin PBXVariantGroup section */
		B544E7041A1BB3DD0078B8E5 /* Main.storyboard */ = {
			isa = PBXVariantGroup;
			children = (
				B544E7051A1BB3DD0078B8E5 /* Base */,
			);
			name = Main.storyboard;
			sourceTree = "<group>";
		};
		B544E7091A1BB3DD0078B8E5 /* LaunchScreen.xib */ = {
			isa = PBXVariantGroup;
			children = (
				B544E70A1A1BB3DD0078B8E5 /* Base */,
			);
			name = LaunchScreen.xib;
			sourceTree = "<group>";
		};
/* End PBXVariantGroup section */

/* Begin XCBuildConfiguration section */
		B544E7181A1BB3DE0078B8E5 /* Debug */ = {
			isa = XCBuildConfiguration;
			buildSettings = {
				ALWAYS_SEARCH_USER_PATHS = NO;
				CLANG_CXX_LANGUAGE_STANDARD = "gnu++0x";
				CLANG_CXX_LIBRARY = "libc++";
				CLANG_ENABLE_MODULES = YES;
				CLANG_ENABLE_OBJC_ARC = YES;
				CLANG_WARN_BOOL_CONVERSION = YES;
				CLANG_WARN_CONSTANT_CONVERSION = YES;
				CLANG_WARN_DIRECT_OBJC_ISA_USAGE = YES_ERROR;
				CLANG_WARN_EMPTY_BODY = YES;
				CLANG_WARN_ENUM_CONVERSION = YES;
				CLANG_WARN_INT_CONVERSION = YES;
				CLANG_WARN_OBJC_ROOT_CLASS = YES_ERROR;
				CLANG_WARN_UNREACHABLE_CODE = YES;
				CLANG_WARN__DUPLICATE_METHOD_MATCH = YES;
				"CODE_SIGN_IDENTITY[sdk=iphoneos*]" = "iPhone Developer";
				COPY_PHASE_STRIP = NO;
				ENABLE_STRICT_OBJC_MSGSEND = YES;
				GCC_C_LANGUAGE_STANDARD = gnu99;
				GCC_DYNAMIC_NO_PIC = NO;
				GCC_OPTIMIZATION_LEVEL = 0;
				GCC_PREPROCESSOR_DEFINITIONS = (
					"DEBUG=1",
					"$(inherited)",
				);
				GCC_SYMBOLS_PRIVATE_EXTERN = NO;
				GCC_WARN_64_TO_32_BIT_CONVERSION = YES;
				GCC_WARN_ABOUT_RETURN_TYPE = YES_ERROR;
				GCC_WARN_UNDECLARED_SELECTOR = YES;
				GCC_WARN_UNINITIALIZED_AUTOS = YES_AGGRESSIVE;
				GCC_WARN_UNUSED_FUNCTION = YES;
				GCC_WARN_UNUSED_VARIABLE = YES;
				IPHONEOS_DEPLOYMENT_TARGET = 8.1;
				MTL_ENABLE_DEBUG_INFO = YES;
				ONLY_ACTIVE_ARCH = YES;
				SDKROOT = iphoneos;
			};
			name = Debug;
		};
		B544E7191A1BB3DE0078B8E5 /* Release */ = {
			isa = XCBuildConfiguration;
			buildSettings = {
				ALWAYS_SEARCH_USER_PATHS = NO;
				CLANG_CXX_LANGUAGE_STANDARD = "gnu++0x";
				CLANG_CXX_LIBRARY = "libc++";
				CLANG_ENABLE_MODULES = YES;
				CLANG_ENABLE_OBJC_ARC = YES;
				CLANG_WARN_BOOL_CONVERSION = YES;
				CLANG_WARN_CONSTANT_CONVERSION = YES;
				CLANG_WARN_DIRECT_OBJC_ISA_USAGE = YES_ERROR;
				CLANG_WARN_EMPTY_BODY = YES;
				CLANG_WARN_ENUM_CONVERSION = YES;
				CLANG_WARN_INT_CONVERSION = YES;
				CLANG_WARN_OBJC_ROOT_CLASS = YES_ERROR;
				CLANG_WARN_UNREACHABLE_CODE = YES;
				CLANG_WARN__DUPLICATE_METHOD_MATCH = YES;
				"CODE_SIGN_IDENTITY[sdk=iphoneos*]" = "iPhone Developer";
				COPY_PHASE_STRIP = YES;
				ENABLE_NS_ASSERTIONS = NO;
				ENABLE_STRICT_OBJC_MSGSEND = YES;
				GCC_C_LANGUAGE_STANDARD = gnu99;
				GCC_WARN_64_TO_32_BIT_CONVERSION = YES;
				GCC_WARN_ABOUT_RETURN_TYPE = YES_ERROR;
				GCC_WARN_UNDECLARED_SELECTOR = YES;
				GCC_WARN_UNINITIALIZED_AUTOS = YES_AGGRESSIVE;
				GCC_WARN_UNUSED_FUNCTION = YES;
				GCC_WARN_UNUSED_VARIABLE = YES;
				IPHONEOS_DEPLOYMENT_TARGET = 8.1;
				MTL_ENABLE_DEBUG_INFO = NO;
				SDKROOT = iphoneos;
				VALIDATE_PRODUCT = YES;
			};
			name = Release;
		};
		B544E71B1A1BB3DE0078B8E5 /* Debug */ = {
			isa = XCBuildConfiguration;
			buildSettings = {
				ASSETCATALOG_COMPILER_APPICON_NAME = AppIcon;
				CLANG_ENABLE_MODULES = YES;
				INFOPLIST_FILE = "Test App/Info.plist";
				LD_RUNPATH_SEARCH_PATHS = "$(inherited) @executable_path/Frameworks";
				PRODUCT_NAME = "$(TARGET_NAME)";
				SWIFT_OBJC_BRIDGING_HEADER = "Test App/Test App-Bridging-Header.h";
				SWIFT_OPTIMIZATION_LEVEL = "-Onone";
			};
			name = Debug;
		};
		B544E71C1A1BB3DE0078B8E5 /* Release */ = {
			isa = XCBuildConfiguration;
			buildSettings = {
				ASSETCATALOG_COMPILER_APPICON_NAME = AppIcon;
				CLANG_ENABLE_MODULES = YES;
				INFOPLIST_FILE = "Test App/Info.plist";
				LD_RUNPATH_SEARCH_PATHS = "$(inherited) @executable_path/Frameworks";
				PRODUCT_NAME = "$(TARGET_NAME)";
				SWIFT_OBJC_BRIDGING_HEADER = "Test App/Test App-Bridging-Header.h";
			};
			name = Release;
		};
		B544E71E1A1BB3DE0078B8E5 /* Debug */ = {
			isa = XCBuildConfiguration;
			buildSettings = {
				BUNDLE_LOADER = "$(TEST_HOST)";
				FRAMEWORK_SEARCH_PATHS = (
					"$(SDKROOT)/Developer/Library/Frameworks",
					"$(inherited)",
				);
				GCC_PREPROCESSOR_DEFINITIONS = (
					"DEBUG=1",
					"$(inherited)",
				);
				INFOPLIST_FILE = "Test AppTests/Info.plist";
				LD_RUNPATH_SEARCH_PATHS = "$(inherited) @executable_path/Frameworks @loader_path/Frameworks";
				PRODUCT_NAME = "$(TARGET_NAME)";
				TEST_HOST = "$(BUILT_PRODUCTS_DIR)/Test App.app/Test App";
			};
			name = Debug;
		};
		B544E71F1A1BB3DE0078B8E5 /* Release */ = {
			isa = XCBuildConfiguration;
			buildSettings = {
				BUNDLE_LOADER = "$(TEST_HOST)";
				FRAMEWORK_SEARCH_PATHS = (
					"$(SDKROOT)/Developer/Library/Frameworks",
					"$(inherited)",
				);
				INFOPLIST_FILE = "Test AppTests/Info.plist";
				LD_RUNPATH_SEARCH_PATHS = "$(inherited) @executable_path/Frameworks @loader_path/Frameworks";
				PRODUCT_NAME = "$(TARGET_NAME)";
				TEST_HOST = "$(BUILT_PRODUCTS_DIR)/Test App.app/Test App";
			};
			name = Release;
		};
/* End XCBuildConfiguration section */

/* Begin XCConfigurationList section */
		B544E6F21A1BB3DD0078B8E5 /* Build configuration list for PBXProject "Test App" */ = {
			isa = XCConfigurationList;
			buildConfigurations = (
				B544E7181A1BB3DE0078B8E5 /* Debug */,
				B544E7191A1BB3DE0078B8E5 /* Release */,
			);
			defaultConfigurationIsVisible = 0;
			defaultConfigurationName = Release;
		};
		B544E71A1A1BB3DE0078B8E5 /* Build configuration list for PBXNativeTarget "Test App" */ = {
			isa = XCConfigurationList;
			buildConfigurations = (
				B544E71B1A1BB3DE0078B8E5 /* Debug */,
				B544E71C1A1BB3DE0078B8E5 /* Release */,
			);
			defaultConfigurationIsVisible = 0;
		};
		B544E71D1A1BB3DE0078B8E5 /* Build configuration list for PBXNativeTarget "Test AppTests" */ = {
			isa = XCConfigurationList;
			buildConfigurations = (
				B544E71E1A1BB3DE0078B8E5 /* Debug */,
				B544E71F1A1BB3DE0078B8E5 /* Release */,
			);
			defaultConfigurationIsVisible = 0;
		};
/* End XCConfigurationList section */
	};
	rootObject = B544E6EF1A1BB3DD0078B8E5 /* Project object */;
}
